<Solution>
  <Project Path="DataHora/DataHora.csproj" Id="5ed4cf69-51ee-4b54-96ad-0deba7c969c5" />
  <Project Path="Exerciocio_1/Exerciocio_1.csproj" Id="5bbcf87c-ca8b-4039-9d9f-2d3dcea3277a" />
  <Project Path="First_Class/IntergerNumber.csproj" />
  <Project Path="NamingConvention/NamingConvention.csproj" Id="bafae0c2-ed69-402d-8229-ca7ddb75b47a" />
  <Project Path="Nullable_types/Nullable_types.csproj" Id="96c436aa-3d67-4d58-941f-b1d1040a7790" />
  <Project Path="Numeros_flutuantes/Numeros_flutuantes.csproj" Id="dc650452-4d2e-404f-a987-0926e9b1c561" />
  <Project Path="output_formating/output_formating.csproj" Id="42ffcb74-70f1-445f-acf5-a3a014910214" />
  <Project Path="Scape_Sequence/Scape_Sequence.csproj" Id="ca9c5856-bded-4b3f-9569-d83e4bbc09e0" />
  <Project Path="TiposNão_numericos/NonNumberTypes.csproj" Id="7cf8052d-8dd9-4603-ae5d-8fd737892c60" />
  <Project Path="Tipos_d_referencia/ReferenceTypes.csproj" Id="7d477cd4-b44e-45de-8053-2628d0f452fc" />
  <Project Path="TypeConvertion/TypeConvertion.csproj" Id="5eb433c1-c95f-470a-8b2d-0933a43665f7" />
  <Project Path="TypeConvertiontwo/TypeConvertiontwo.csproj" Id="851bca5a-81f5-431f-b6f6-9ba664ddc757" />
</Solution>
